
Microsoft Visual Studio Solution File, Format Version 12.00
# Visual Studio Version 17
VisualStudioVersion = 17.10.35004.147
MinimumVisualStudioVersion = 10.0.40219.1
Project("{FAE04EC0-301F-11D3-BF4B-00C04F79EFBC}") = "ILCore", "ILCore\ILCore.csproj", "{8AA4F570-1ABB-4D70-A786-A4D97296641B}"
EndProject
Project("{FAE04EC0-301F-11D3-BF4B-00C04F79EFBC}") = "ConsoleApp1", "ConsoleApp1\ConsoleApp1.csproj", "{0ED90F1A-2FBD-4A6B-B255-D66FAA06075C}"
EndProject
Global
	GlobalSection(SolutionConfigurationPlatforms) = preSolution
		Debug|Any CPU = Debug|Any CPU
		Release|Any CPU = Release|Any CPU
	EndGlobalSection
	GlobalSection(ProjectConfigurationPlatforms) = postSolution
		{8AA4F570-1ABB-4D70-A786-A4D97296641B}.Debug|Any CPU.ActiveCfg = Debug|Any CPU
		{8AA4F570-1ABB-4D70-A786-A4D97296641B}.Debug|Any CPU.Build.0 = Debug|Any CPU
		{8AA4F570-1ABB-4D70-A786-A4D97296641B}.Release|Any CPU.ActiveCfg = Release|Any CPU
		{8AA4F570-1ABB-4D70-A786-A4D97296641B}.Release|Any CPU.Build.0 = Release|Any CPU
		{0ED90F1A-2FBD-4A6B-B255-D66FAA06075C}.Debug|Any CPU.ActiveCfg = Debug|Any CPU
		{0ED90F1A-2FBD-4A6B-B255-D66FAA06075C}.Debug|Any CPU.Build.0 = Debug|Any CPU
		{0ED90F1A-2FBD-4A6B-B255-D66FAA06075C}.Release|Any CPU.ActiveCfg = Release|Any CPU
		{0ED90F1A-2FBD-4A6B-B255-D66FAA06075C}.Release|Any CPU.Build.0 = Release|Any CPU
	EndGlobalSection
	GlobalSection(SolutionProperties) = preSolution
		HideSolutionNode = FALSE
	EndGlobalSection
	GlobalSection(ExtensibilityGlobals) = postSolution
		SolutionGuid = {B47B75AF-9667-4662-9D67-BD788DD95A92}
	EndGlobalSection
EndGlobal
